
Microsoft Visual Studio Solution File, Format Version 12.00
# Visual Studio Version 16
VisualStudioVersion = 16.0.30907.101
MinimumVisualStudioVersion = 10.0.40219.1
Project("{2150E333-8FDC-42A3-9474-1A3956D46DE8}") = "Komodo_Restaurant_Menu_1", "Komodo_Restaurant_Menu_1", "{2715214B-1924-46C6-A880-735225D8256A}"
EndProject
Project("{FAE04EC0-301F-11D3-BF4B-00C04F79EFBC}") = "MenuTest", "MenuTest\MenuTest.csproj", "{2F82861E-5B8C-4B5F-898D-09D9214B86F2}"
EndProject
Project("{FAE04EC0-301F-11D3-BF4B-00C04F79EFBC}") = "KomodoChallenge1", "KomodoChallenge1\KomodoChallenge1.csproj", "{BCA531AD-D597-4F50-8B54-FA44F41428A6}"
EndProject
Project("{FAE04EC0-301F-11D3-BF4B-00C04F79EFBC}") = "MenuConsole", "MenuConsole\MenuConsole.csproj", "{5A3EAE7D-AE95-43CD-97EB-B54783A55D30}"
EndProject
Project("{2150E333-8FDC-42A3-9474-1A3956D46DE8}") = "Komodo_Claims_2", "Komodo_Claims_2", "{091C8F43-5148-421A-9816-CEEA499D2DE8}"
EndProject
Project("{FAE04EC0-301F-11D3-BF4B-00C04F79EFBC}") = "KomClaimsTest", "Kom_Claim_Test\KomClaimsTest.csproj", "{AA38D0D1-2DAF-4803-86E9-58CB1518C331}"
EndProject
Project("{FAE04EC0-301F-11D3-BF4B-00C04F79EFBC}") = "KomodoClaimsConsole", "KomodoClaimsConsole\KomodoClaimsConsole.csproj", "{25F9F630-0372-4304-952D-FBB3C2000E1D}"
EndProject
Project("{FAE04EC0-301F-11D3-BF4B-00C04F79EFBC}") = "KomClaimsRepo", "KomClaimsRepo\KomClaimsRepo.csproj", "{1ED0D363-AF7C-4EB9-A119-9AE6C95C0E99}"
EndProject
Project("{2150E333-8FDC-42A3-9474-1A3956D46DE8}") = "Komodo_Outings_3", "Komodo_Outings_3", "{FF23B852-AE95-4B46-8EB6-8B14A7DDC89A}"
EndProject
Project("{FAE04EC0-301F-11D3-BF4B-00C04F79EFBC}") = "KomOutings", "KomOutings\KomOutings.csproj", "{0C206858-AD48-4C91-A7D7-D0919FCA19AD}"
EndProject
Project("{FAE04EC0-301F-11D3-BF4B-00C04F79EFBC}") = "KomOutingTest", "KomOutingTest\KomOutingTest.csproj", "{0784344A-DE6F-4C0A-A0D7-FE8D743C76BA}"
EndProject
Project("{FAE04EC0-301F-11D3-BF4B-00C04F79EFBC}") = "KomOutingsConsole", "KomOutingsConsole\KomOutingsConsole.csproj", "{98649B78-C1E7-4B73-A996-45F5400C904B}"
EndProject
Global
	GlobalSection(SolutionConfigurationPlatforms) = preSolution
		Debug|Any CPU = Debug|Any CPU
		Release|Any CPU = Release|Any CPU
	EndGlobalSection
	GlobalSection(ProjectConfigurationPlatforms) = postSolution
		{2F82861E-5B8C-4B5F-898D-09D9214B86F2}.Debug|Any CPU.ActiveCfg = Debug|Any CPU
		{2F82861E-5B8C-4B5F-898D-09D9214B86F2}.Debug|Any CPU.Build.0 = Debug|Any CPU
		{2F82861E-5B8C-4B5F-898D-09D9214B86F2}.Release|Any CPU.ActiveCfg = Release|Any CPU
		{2F82861E-5B8C-4B5F-898D-09D9214B86F2}.Release|Any CPU.Build.0 = Release|Any CPU
		{BCA531AD-D597-4F50-8B54-FA44F41428A6}.Debug|Any CPU.ActiveCfg = Debug|Any CPU
		{BCA531AD-D597-4F50-8B54-FA44F41428A6}.Debug|Any CPU.Build.0 = Debug|Any CPU
		{BCA531AD-D597-4F50-8B54-FA44F41428A6}.Release|Any CPU.ActiveCfg = Release|Any CPU
		{BCA531AD-D597-4F50-8B54-FA44F41428A6}.Release|Any CPU.Build.0 = Release|Any CPU
		{5A3EAE7D-AE95-43CD-97EB-B54783A55D30}.Debug|Any CPU.ActiveCfg = Debug|Any CPU
		{5A3EAE7D-AE95-43CD-97EB-B54783A55D30}.Debug|Any CPU.Build.0 = Debug|Any CPU
		{5A3EAE7D-AE95-43CD-97EB-B54783A55D30}.Release|Any CPU.ActiveCfg = Release|Any CPU
		{5A3EAE7D-AE95-43CD-97EB-B54783A55D30}.Release|Any CPU.Build.0 = Release|Any CPU
		{AA38D0D1-2DAF-4803-86E9-58CB1518C331}.Debug|Any CPU.ActiveCfg = Debug|Any CPU
		{AA38D0D1-2DAF-4803-86E9-58CB1518C331}.Debug|Any CPU.Build.0 = Debug|Any CPU
		{AA38D0D1-2DAF-4803-86E9-58CB1518C331}.Release|Any CPU.ActiveCfg = Release|Any CPU
		{AA38D0D1-2DAF-4803-86E9-58CB1518C331}.Release|Any CPU.Build.0 = Release|Any CPU
		{25F9F630-0372-4304-952D-FBB3C2000E1D}.Debug|Any CPU.ActiveCfg = Debug|Any CPU
		{25F9F630-0372-4304-952D-FBB3C2000E1D}.Debug|Any CPU.Build.0 = Debug|Any CPU
		{25F9F630-0372-4304-952D-FBB3C2000E1D}.Release|Any CPU.ActiveCfg = Release|Any CPU
		{25F9F630-0372-4304-952D-FBB3C2000E1D}.Release|Any CPU.Build.0 = Release|Any CPU
		{1ED0D363-AF7C-4EB9-A119-9AE6C95C0E99}.Debug|Any CPU.ActiveCfg = Debug|Any CPU
		{1ED0D363-AF7C-4EB9-A119-9AE6C95C0E99}.Debug|Any CPU.Build.0 = Debug|Any CPU
		{1ED0D363-AF7C-4EB9-A119-9AE6C95C0E99}.Release|Any CPU.ActiveCfg = Release|Any CPU
		{1ED0D363-AF7C-4EB9-A119-9AE6C95C0E99}.Release|Any CPU.Build.0 = Release|Any CPU
		{0C206858-AD48-4C91-A7D7-D0919FCA19AD}.Debug|Any CPU.ActiveCfg = Debug|Any CPU
		{0C206858-AD48-4C91-A7D7-D0919FCA19AD}.Debug|Any CPU.Build.0 = Debug|Any CPU
		{0C206858-AD48-4C91-A7D7-D0919FCA19AD}.Release|Any CPU.ActiveCfg = Release|Any CPU
		{0C206858-AD48-4C91-A7D7-D0919FCA19AD}.Release|Any CPU.Build.0 = Release|Any CPU
		{0784344A-DE6F-4C0A-A0D7-FE8D743C76BA}.Debug|Any CPU.ActiveCfg = Debug|Any CPU
		{0784344A-DE6F-4C0A-A0D7-FE8D743C76BA}.Debug|Any CPU.Build.0 = Debug|Any CPU
		{0784344A-DE6F-4C0A-A0D7-FE8D743C76BA}.Release|Any CPU.ActiveCfg = Release|Any CPU
		{0784344A-DE6F-4C0A-A0D7-FE8D743C76BA}.Release|Any CPU.Build.0 = Release|Any CPU
		{98649B78-C1E7-4B73-A996-45F5400C904B}.Debug|Any CPU.ActiveCfg = Debug|Any CPU
		{98649B78-C1E7-4B73-A996-45F5400C904B}.Debug|Any CPU.Build.0 = Debug|Any CPU
		{98649B78-C1E7-4B73-A996-45F5400C904B}.Release|Any CPU.ActiveCfg = Release|Any CPU
		{98649B78-C1E7-4B73-A996-45F5400C904B}.Release|Any CPU.Build.0 = Release|Any CPU
	EndGlobalSection
	GlobalSection(SolutionProperties) = preSolution
		HideSolutionNode = FALSE
	EndGlobalSection
	GlobalSection(NestedProjects) = preSolution
		{2F82861E-5B8C-4B5F-898D-09D9214B86F2} = {2715214B-1924-46C6-A880-735225D8256A}
		{BCA531AD-D597-4F50-8B54-FA44F41428A6} = {2715214B-1924-46C6-A880-735225D8256A}
		{5A3EAE7D-AE95-43CD-97EB-B54783A55D30} = {2715214B-1924-46C6-A880-735225D8256A}
		{AA38D0D1-2DAF-4803-86E9-58CB1518C331} = {091C8F43-5148-421A-9816-CEEA499D2DE8}
		{25F9F630-0372-4304-952D-FBB3C2000E1D} = {091C8F43-5148-421A-9816-CEEA499D2DE8}
		{1ED0D363-AF7C-4EB9-A119-9AE6C95C0E99} = {091C8F43-5148-421A-9816-CEEA499D2DE8}
		{0C206858-AD48-4C91-A7D7-D0919FCA19AD} = {FF23B852-AE95-4B46-8EB6-8B14A7DDC89A}
		{0784344A-DE6F-4C0A-A0D7-FE8D743C76BA} = {FF23B852-AE95-4B46-8EB6-8B14A7DDC89A}
		{98649B78-C1E7-4B73-A996-45F5400C904B} = {FF23B852-AE95-4B46-8EB6-8B14A7DDC89A}
	EndGlobalSection
	GlobalSection(ExtensibilityGlobals) = postSolution
		SolutionGuid = {2EBC6451-BF07-4E67-BC46-CD1F045F244A}
	EndGlobalSection
EndGlobal
